
Microsoft Visual Studio Solution File, Format Version 12.00
# Visual Studio 14
VisualStudioVersion = 14.0.23107.0
MinimumVisualStudioVersion = 10.0.40219.1
Project("{FAE04EC0-301F-11D3-BF4B-00C04F79EFBC}") = "Hyde.Domain", "Hyde.Domain\Hyde.Domain.csproj", "{98832D1F-AC7A-4829-B33A-ACF415C8CEAC}"
EndProject
Project("{FAE04EC0-301F-11D3-BF4B-00C04F79EFBC}") = "Hyde.Api", "Hyde.Api\Hyde.Api.csproj", "{F0686764-64BA-4684-BBD7-8289C67491C9}"
EndProject
Project("{FAE04EC0-301F-11D3-BF4B-00C04F79EFBC}") = "Hyde.Repository", "Hyde.Repository\Hyde.Repository.csproj", "{A152F4FB-F658-4B22-B985-39769679B312}"
EndProject
Project("{FAE04EC0-301F-11D3-BF4B-00C04F79EFBC}") = "Hyde.Context", "Hyde.DbContext\Hyde.Context.csproj", "{4BA942A4-1901-4D5A-9734-E6EE6D93E167}"
EndProject
Project("{FAE04EC0-301F-11D3-BF4B-00C04F79EFBC}") = "Hyde.Api.Host", "Hyde.Api.Host\Hyde.Api.Host.csproj", "{8674FDE5-89E1-497E-AB0C-AF6B56B3D475}"
EndProject
Project("{FAE04EC0-301F-11D3-BF4B-00C04F79EFBC}") = "Hyde.External", "Hyde.External\Hyde.External.csproj", "{A64EE8CC-D239-4EDF-A39E-1E352741B81C}"
EndProject
Project("{FAE04EC0-301F-11D3-BF4B-00C04F79EFBC}") = "Hyde.External.Sanfenqiu", "Hyde.External.Sanfenqiu\Hyde.External.Sanfenqiu.csproj", "{4C9F31B5-70C5-4AC4-A857-52FDF911ED25}"
EndProject
Project("{FAE04EC0-301F-11D3-BF4B-00C04F79EFBC}") = "Hyde.External.Highwave", "Hyde.External.Highwave\Hyde.External.Highwave.csproj", "{F8CC405A-04A0-4DC3-8156-415D24B49B29}"
EndProject
Project("{FAE04EC0-301F-11D3-BF4B-00C04F79EFBC}") = "Hyde.Transfer", "Hyde.Transfer\Hyde.Transfer.csproj", "{68353A44-505B-44DD-90A4-B11B8CF38496}"
EndProject
Project("{FAE04EC0-301F-11D3-BF4B-00C04F79EFBC}") = "Hyde.Result", "Hyde.Result\Hyde.Result.csproj", "{9CC3F2AF-88EB-41D8-9AA5-E10189C9B346}"
EndProject
Project("{FAE04EC0-301F-11D3-BF4B-00C04F79EFBC}") = "Hyde.Service", "Hyde.Service\Hyde.Service.csproj", "{670FD51B-7D33-4CB3-BDEE-4D8325863B30}"
EndProject
Global
	GlobalSection(SolutionConfigurationPlatforms) = preSolution
		Debug|Any CPU = Debug|Any CPU
		Release|Any CPU = Release|Any CPU
	EndGlobalSection
	GlobalSection(ProjectConfigurationPlatforms) = postSolution
		{98832D1F-AC7A-4829-B33A-ACF415C8CEAC}.Debug|Any CPU.ActiveCfg = Debug|Any CPU
		{98832D1F-AC7A-4829-B33A-ACF415C8CEAC}.Debug|Any CPU.Build.0 = Debug|Any CPU
		{98832D1F-AC7A-4829-B33A-ACF415C8CEAC}.Release|Any CPU.ActiveCfg = Release|Any CPU
		{98832D1F-AC7A-4829-B33A-ACF415C8CEAC}.Release|Any CPU.Build.0 = Release|Any CPU
		{F0686764-64BA-4684-BBD7-8289C67491C9}.Debug|Any CPU.ActiveCfg = Debug|Any CPU
		{F0686764-64BA-4684-BBD7-8289C67491C9}.Debug|Any CPU.Build.0 = Debug|Any CPU
		{F0686764-64BA-4684-BBD7-8289C67491C9}.Release|Any CPU.ActiveCfg = Release|Any CPU
		{F0686764-64BA-4684-BBD7-8289C67491C9}.Release|Any CPU.Build.0 = Release|Any CPU
		{A152F4FB-F658-4B22-B985-39769679B312}.Debug|Any CPU.ActiveCfg = Debug|Any CPU
		{A152F4FB-F658-4B22-B985-39769679B312}.Debug|Any CPU.Build.0 = Debug|Any CPU
		{A152F4FB-F658-4B22-B985-39769679B312}.Release|Any CPU.ActiveCfg = Release|Any CPU
		{A152F4FB-F658-4B22-B985-39769679B312}.Release|Any CPU.Build.0 = Release|Any CPU
		{4BA942A4-1901-4D5A-9734-E6EE6D93E167}.Debug|Any CPU.ActiveCfg = Debug|Any CPU
		{4BA942A4-1901-4D5A-9734-E6EE6D93E167}.Debug|Any CPU.Build.0 = Debug|Any CPU
		{4BA942A4-1901-4D5A-9734-E6EE6D93E167}.Release|Any CPU.ActiveCfg = Release|Any CPU
		{4BA942A4-1901-4D5A-9734-E6EE6D93E167}.Release|Any CPU.Build.0 = Release|Any CPU
		{8674FDE5-89E1-497E-AB0C-AF6B56B3D475}.Debug|Any CPU.ActiveCfg = Debug|Any CPU
		{8674FDE5-89E1-497E-AB0C-AF6B56B3D475}.Debug|Any CPU.Build.0 = Debug|Any CPU
		{8674FDE5-89E1-497E-AB0C-AF6B56B3D475}.Release|Any CPU.ActiveCfg = Release|Any CPU
		{8674FDE5-89E1-497E-AB0C-AF6B56B3D475}.Release|Any CPU.Build.0 = Release|Any CPU
		{A64EE8CC-D239-4EDF-A39E-1E352741B81C}.Debug|Any CPU.ActiveCfg = Debug|Any CPU
		{A64EE8CC-D239-4EDF-A39E-1E352741B81C}.Debug|Any CPU.Build.0 = Debug|Any CPU
		{A64EE8CC-D239-4EDF-A39E-1E352741B81C}.Release|Any CPU.ActiveCfg = Release|Any CPU
		{A64EE8CC-D239-4EDF-A39E-1E352741B81C}.Release|Any CPU.Build.0 = Release|Any CPU
		{4C9F31B5-70C5-4AC4-A857-52FDF911ED25}.Debug|Any CPU.ActiveCfg = Debug|Any CPU
		{4C9F31B5-70C5-4AC4-A857-52FDF911ED25}.Debug|Any CPU.Build.0 = Debug|Any CPU
		{4C9F31B5-70C5-4AC4-A857-52FDF911ED25}.Release|Any CPU.ActiveCfg = Release|Any CPU
		{4C9F31B5-70C5-4AC4-A857-52FDF911ED25}.Release|Any CPU.Build.0 = Release|Any CPU
		{F8CC405A-04A0-4DC3-8156-415D24B49B29}.Debug|Any CPU.ActiveCfg = Debug|Any CPU
		{F8CC405A-04A0-4DC3-8156-415D24B49B29}.Debug|Any CPU.Build.0 = Debug|Any CPU
		{F8CC405A-04A0-4DC3-8156-415D24B49B29}.Release|Any CPU.ActiveCfg = Release|Any CPU
		{F8CC405A-04A0-4DC3-8156-415D24B49B29}.Release|Any CPU.Build.0 = Release|Any CPU
		{68353A44-505B-44DD-90A4-B11B8CF38496}.Debug|Any CPU.ActiveCfg = Debug|Any CPU
		{68353A44-505B-44DD-90A4-B11B8CF38496}.Debug|Any CPU.Build.0 = Debug|Any CPU
		{68353A44-505B-44DD-90A4-B11B8CF38496}.Release|Any CPU.ActiveCfg = Release|Any CPU
		{68353A44-505B-44DD-90A4-B11B8CF38496}.Release|Any CPU.Build.0 = Release|Any CPU
		{9CC3F2AF-88EB-41D8-9AA5-E10189C9B346}.Debug|Any CPU.ActiveCfg = Debug|Any CPU
		{9CC3F2AF-88EB-41D8-9AA5-E10189C9B346}.Debug|Any CPU.Build.0 = Debug|Any CPU
		{9CC3F2AF-88EB-41D8-9AA5-E10189C9B346}.Release|Any CPU.ActiveCfg = Release|Any CPU
		{9CC3F2AF-88EB-41D8-9AA5-E10189C9B346}.Release|Any CPU.Build.0 = Release|Any CPU
		{670FD51B-7D33-4CB3-BDEE-4D8325863B30}.Debug|Any CPU.ActiveCfg = Debug|Any CPU
		{670FD51B-7D33-4CB3-BDEE-4D8325863B30}.Debug|Any CPU.Build.0 = Debug|Any CPU
		{670FD51B-7D33-4CB3-BDEE-4D8325863B30}.Release|Any CPU.ActiveCfg = Release|Any CPU
		{670FD51B-7D33-4CB3-BDEE-4D8325863B30}.Release|Any CPU.Build.0 = Release|Any CPU
	EndGlobalSection
	GlobalSection(SolutionProperties) = preSolution
		HideSolutionNode = FALSE
	EndGlobalSection
EndGlobal
