
Microsoft Visual Studio Solution File, Format Version 12.00
# Visual Studio 14
VisualStudioVersion = 14.0.23107.0
MinimumVisualStudioVersion = 10.0.40219.1
Project("{FAE04EC0-301F-11D3-BF4B-00C04F79EFBC}") = "Hyde.Domain", "Hyde.Domain\Hyde.Domain.csproj", "{98832D1F-AC7A-4829-B33A-ACF415C8CEAC}"
EndProject
Project("{FAE04EC0-301F-11D3-BF4B-00C04F79EFBC}") = "Hyde.Api", "Hyde.Api\Hyde.Api.csproj", "{F0686764-64BA-4684-BBD7-8289C67491C9}"
EndProject
Project("{FAE04EC0-301F-11D3-BF4B-00C04F79EFBC}") = "Hyde.Host", "Hyde.Host\Hyde.Host.csproj", "{9035457E-ABD4-4A77-8617-392A5BD0963D}"
EndProject
Project("{FAE04EC0-301F-11D3-BF4B-00C04F79EFBC}") = "Hyde.Repository", "Hyde.Repository\Hyde.Repository.csproj", "{A152F4FB-F658-4B22-B985-39769679B312}"
EndProject
Project("{FAE04EC0-301F-11D3-BF4B-00C04F79EFBC}") = "Hyde.DbContext", "Hyde.DbContext\Hyde.DbContext.csproj", "{4BA942A4-1901-4D5A-9734-E6EE6D93E167}"
EndProject
Project("{FAE04EC0-301F-11D3-BF4B-00C04F79EFBC}") = "PagedList", "..\..\Visual C#\PagedList-master\src\PagedList\PagedList.csproj", "{DA52D7C3-B871-48EC-B009-AC782AD50266}"
EndProject
Global
	GlobalSection(SolutionConfigurationPlatforms) = preSolution
		Debug|Any CPU = Debug|Any CPU
		Release|Any CPU = Release|Any CPU
	EndGlobalSection
	GlobalSection(ProjectConfigurationPlatforms) = postSolution
		{98832D1F-AC7A-4829-B33A-ACF415C8CEAC}.Debug|Any CPU.ActiveCfg = Debug|Any CPU
		{98832D1F-AC7A-4829-B33A-ACF415C8CEAC}.Debug|Any CPU.Build.0 = Debug|Any CPU
		{98832D1F-AC7A-4829-B33A-ACF415C8CEAC}.Release|Any CPU.ActiveCfg = Release|Any CPU
		{98832D1F-AC7A-4829-B33A-ACF415C8CEAC}.Release|Any CPU.Build.0 = Release|Any CPU
		{F0686764-64BA-4684-BBD7-8289C67491C9}.Debug|Any CPU.ActiveCfg = Debug|Any CPU
		{F0686764-64BA-4684-BBD7-8289C67491C9}.Debug|Any CPU.Build.0 = Debug|Any CPU
		{F0686764-64BA-4684-BBD7-8289C67491C9}.Release|Any CPU.ActiveCfg = Release|Any CPU
		{F0686764-64BA-4684-BBD7-8289C67491C9}.Release|Any CPU.Build.0 = Release|Any CPU
		{9035457E-ABD4-4A77-8617-392A5BD0963D}.Debug|Any CPU.ActiveCfg = Debug|Any CPU
		{9035457E-ABD4-4A77-8617-392A5BD0963D}.Debug|Any CPU.Build.0 = Debug|Any CPU
		{9035457E-ABD4-4A77-8617-392A5BD0963D}.Release|Any CPU.ActiveCfg = Release|Any CPU
		{9035457E-ABD4-4A77-8617-392A5BD0963D}.Release|Any CPU.Build.0 = Release|Any CPU
		{A152F4FB-F658-4B22-B985-39769679B312}.Debug|Any CPU.ActiveCfg = Debug|Any CPU
		{A152F4FB-F658-4B22-B985-39769679B312}.Debug|Any CPU.Build.0 = Debug|Any CPU
		{A152F4FB-F658-4B22-B985-39769679B312}.Release|Any CPU.ActiveCfg = Release|Any CPU
		{A152F4FB-F658-4B22-B985-39769679B312}.Release|Any CPU.Build.0 = Release|Any CPU
		{4BA942A4-1901-4D5A-9734-E6EE6D93E167}.Debug|Any CPU.ActiveCfg = Debug|Any CPU
		{4BA942A4-1901-4D5A-9734-E6EE6D93E167}.Debug|Any CPU.Build.0 = Debug|Any CPU
		{4BA942A4-1901-4D5A-9734-E6EE6D93E167}.Release|Any CPU.ActiveCfg = Release|Any CPU
		{4BA942A4-1901-4D5A-9734-E6EE6D93E167}.Release|Any CPU.Build.0 = Release|Any CPU
		{DA52D7C3-B871-48EC-B009-AC782AD50266}.Debug|Any CPU.ActiveCfg = Debug|Any CPU
		{DA52D7C3-B871-48EC-B009-AC782AD50266}.Debug|Any CPU.Build.0 = Debug|Any CPU
		{DA52D7C3-B871-48EC-B009-AC782AD50266}.Release|Any CPU.ActiveCfg = Release|Any CPU
		{DA52D7C3-B871-48EC-B009-AC782AD50266}.Release|Any CPU.Build.0 = Release|Any CPU
	EndGlobalSection
	GlobalSection(SolutionProperties) = preSolution
		HideSolutionNode = FALSE
	EndGlobalSection
EndGlobal
